
Microsoft Visual Studio Solution File, Format Version 12.00
# Visual Studio Version 17
VisualStudioVersion = 17.5.002.0
MinimumVisualStudioVersion = 10.0.40219.1
Project("{9A19103F-16F7-4668-BE54-9A1E7A4F7556}") = "searches_and_sorters", "searches_and_sorters.csproj", "{43AA31D2-0FE8-4804-B667-CED4882D8334}"
EndProject
Global
	GlobalSection(SolutionConfigurationPlatforms) = preSolution
		Debug|Any CPU = Debug|Any CPU
		Release|Any CPU = Release|Any CPU
	EndGlobalSection
	GlobalSection(ProjectConfigurationPlatforms) = postSolution
		{43AA31D2-0FE8-4804-B667-CED4882D8334}.Debug|Any CPU.ActiveCfg = Debug|Any CPU
		{43AA31D2-0FE8-4804-B667-CED4882D8334}.Debug|Any CPU.Build.0 = Debug|Any CPU
		{43AA31D2-0FE8-4804-B667-CED4882D8334}.Release|Any CPU.ActiveCfg = Release|Any CPU
		{43AA31D2-0FE8-4804-B667-CED4882D8334}.Release|Any CPU.Build.0 = Release|Any CPU
	EndGlobalSection
	GlobalSection(SolutionProperties) = preSolution
		HideSolutionNode = FALSE
	EndGlobalSection
	GlobalSection(ExtensibilityGlobals) = postSolution
		SolutionGuid = {6A58CB96-D9D4-413E-BD58-DFDDA52F8042}
	EndGlobalSection
EndGlobal
